<Solution>
  <Folder Name="/Assets/">
    <File Path="icon.png" />
    <File Path="LICENSE.md" />
    <File Path="README.md" />
  </Folder>
  <Folder Name="/Configuration/">
    <File Path=".editorconfig" />
    <File Path="CLAUDE.md" />
    <File Path="compose.yaml" />
    <File Path=".config/dotnet-tools.json" />
    <File Path=".gitignore" />
    <File Path=".globalconfig" />
    <File Path=".runsettings" />
    <File Path="Directory.Build.props" />
    <File Path="Directory.Build.targets" />
    <File Path="Directory.Packages.props" />
    <File Path="GitVersion.yml" />
    <File Path="stylecop.json" />
    <File Path="xunit.runner.json" />
  </Folder>
  <Folder Name="/samples/">
    <File Path="samples\Directory.Build.props" />
    <Project Path="samples\IdeaVerse.Agents.Sample\IdeaVerse.Agents.Sample.csproj" />
  </Folder>
  <Folder Name="/src/">
    <File Path="src\Directory.Build.props" />
    <Project Path="src\IdeaVerse.Agents\IdeaVerse.Agents.csproj" />
    <Project Path="src\IdeaVerse.Api\IdeaVerse.Api.csproj" />
    <File Path="src\IdeaVerse.Web\package.json" />
  </Folder>
  <Folder Name="/tests/">
    <File Path="tests\Directory.Build.props" />
    <Project Path="tests\IdeaVerse.Agents.Tests\IdeaVerse.Agents.Tests.csproj" />
    <Project Path="tests\IdeaVerse.Api.Tests\IdeaVerse.Api.Tests.csproj" />
  </Folder>
</Solution>
