{
  "version": 2,
  "dependencies": {
    "net10.0": {
      "Anthropic": {
        "type": "Direct",
        "requested": "[12.55.0, )",
        "resolved": "12.55.0",
        "contentHash": "Gpf6no4CBXnB2RwP1BItFgwXQcsGNX4rKcgYEdoMOVgnCIZ8xODdueEJrklCEFUh5CPld7xGmfDKZz5y0U59uQ==",
        "dependencies": {
          "Microsoft.Extensions.AI.Abstractions": "10.5.1"
        }
      },
      "GitVersion.MsBuild": {
        "type": "Direct",
        "requested": "[6.8.2, )",
        "resolved": "6.8.2",
        "contentHash": "eTd8jUiogUXpVssFyDWWdMrPr5Cdc57tWaQ3Cv/eMIhnumOHZhDkc/wcy8hYU8aH7NS4VT2w/pHjVITDSTXMGw=="
      },
      "Microsoft.Extensions.DependencyInjection.Abstractions": {
        "type": "Direct",
        "requested": "[10.0.12, )",
        "resolved": "10.0.12",
        "contentHash": "9/qymSh7hVDMGTGwrLz8MRp5zRyXy9adGDOs4HwRdnLil3oZGYuWeZjbmHgCQ9BL1qBroVfgUK3U/nb61617Cw=="
      },
      "Microsoft.Extensions.Logging.Abstractions": {
        "type": "Direct",
        "requested": "[10.0.12, )",
        "resolved": "10.0.12",
        "contentHash": "+24lC4plfbEDNfLAdTV/SWKS7dW+16X4HdydO3R++134kSNTzcbYA4KpR1Hdh6uWisB8Za3AzwyOn+K+NxWIug==",
        "dependencies": {
          "Microsoft.Extensions.DependencyInjection.Abstractions": "10.0.12"
        }
      },
      "Microsoft.Extensions.Options.DataAnnotations": {
        "type": "Direct",
        "requested": "[10.0.12, )",
        "resolved": "10.0.12",
        "contentHash": "rPqU/cnDMmL4Gx7sglNnYwh/upWxSLTwVe0ysT88WH9HEE3OfZgaT7TyM86C4GeXwDsDQaj95fUGL5jEB3vxng==",
        "dependencies": {
          "Microsoft.Extensions.DependencyInjection.Abstractions": "10.0.12",
          "Microsoft.Extensions.Options": "10.0.12"
        }
      },
      "Microsoft.Sbom.Targets": {
        "type": "Direct",
        "requested": "[4.1.5, )",
        "resolved": "4.1.5",
        "contentHash": "i5z+cNu/cOcdO0AgFB8aXk8w6In2H+haaDfSgd9ImvQIK+rSHavHZIogVoAZLL8jLwYx4bAcs5b7EyuMMG4mQQ=="
      },
      "NewStyleCop.Analyzers": {
        "type": "Direct",
        "requested": "[1.2.1, )",
        "resolved": "1.2.1",
        "contentHash": "20cG97DtMBpl6bPZ8Ito8JBidTusgP71x3SUcEMSQ08XIdX1ArVixtY2UK7aUi/GN3qCP2Ryp0U9AbtrYqBCzQ=="
      },
      "Microsoft.Extensions.AI.Abstractions": {
        "type": "Transitive",
        "resolved": "10.5.1",
        "contentHash": "nB0l3IlsVbNeUxsE7nZNb9GY8rP1OSeqpj0pseORPejt474HNKEauTWTLdSJPkSvPlRMxowZNMo6nyp7APAiSg=="
      },
      "Microsoft.Extensions.Primitives": {
        "type": "Transitive",
        "resolved": "10.0.12",
        "contentHash": "dYfCLR52UA+3DL7C4I/pvSaRPkNqxrUAQmbFL2u0zvYKKzqgrFCJl08Df+F1aYc8leu9JvpC9bsURUdpExcBXQ=="
      },
      "Microsoft.Extensions.Options": {
        "type": "CentralTransitive",
        "requested": "[10.0.12, )",
        "resolved": "10.0.12",
        "contentHash": "TDYD33TSRpXKZWlmTXNlj5kCihxatmv2Ec1u6C+bMYLphCS7PoSLE9Pjd/nunDoE7yETk+LLKjVJX78HYtWjpA==",
        "dependencies": {
          "Microsoft.Extensions.DependencyInjection.Abstractions": "10.0.12",
          "Microsoft.Extensions.Primitives": "10.0.12"
        }
      }
    },
    "net8.0": {
      "Anthropic": {
        "type": "Direct",
        "requested": "[12.55.0, )",
        "resolved": "12.55.0",
        "contentHash": "Gpf6no4CBXnB2RwP1BItFgwXQcsGNX4rKcgYEdoMOVgnCIZ8xODdueEJrklCEFUh5CPld7xGmfDKZz5y0U59uQ==",
        "dependencies": {
          "Microsoft.Extensions.AI.Abstractions": "10.5.1",
          "System.Net.ServerSentEvents": "10.0.1",
          "System.Text.Json": "10.0.6"
        }
      },
      "GitVersion.MsBuild": {
        "type": "Direct",
        "requested": "[6.8.2, )",
        "resolved": "6.8.2",
        "contentHash": "eTd8jUiogUXpVssFyDWWdMrPr5Cdc57tWaQ3Cv/eMIhnumOHZhDkc/wcy8hYU8aH7NS4VT2w/pHjVITDSTXMGw=="
      },
      "Microsoft.Extensions.DependencyInjection.Abstractions": {
        "type": "Direct",
        "requested": "[10.0.12, )",
        "resolved": "10.0.12",
        "contentHash": "9/qymSh7hVDMGTGwrLz8MRp5zRyXy9adGDOs4HwRdnLil3oZGYuWeZjbmHgCQ9BL1qBroVfgUK3U/nb61617Cw=="
      },
      "Microsoft.Extensions.Logging.Abstractions": {
        "type": "Direct",
        "requested": "[10.0.12, )",
        "resolved": "10.0.12",
        "contentHash": "+24lC4plfbEDNfLAdTV/SWKS7dW+16X4HdydO3R++134kSNTzcbYA4KpR1Hdh6uWisB8Za3AzwyOn+K+NxWIug==",
        "dependencies": {
          "Microsoft.Extensions.DependencyInjection.Abstractions": "10.0.12",
          "System.Diagnostics.DiagnosticSource": "10.0.12"
        }
      },
      "Microsoft.Extensions.Options.DataAnnotations": {
        "type": "Direct",
        "requested": "[10.0.12, )",
        "resolved": "10.0.12",
        "contentHash": "rPqU/cnDMmL4Gx7sglNnYwh/upWxSLTwVe0ysT88WH9HEE3OfZgaT7TyM86C4GeXwDsDQaj95fUGL5jEB3vxng==",
        "dependencies": {
          "Microsoft.Extensions.DependencyInjection.Abstractions": "10.0.12",
          "Microsoft.Extensions.Options": "10.0.12"
        }
      },
      "Microsoft.Sbom.Targets": {
        "type": "Direct",
        "requested": "[4.1.5, )",
        "resolved": "4.1.5",
        "contentHash": "i5z+cNu/cOcdO0AgFB8aXk8w6In2H+haaDfSgd9ImvQIK+rSHavHZIogVoAZLL8jLwYx4bAcs5b7EyuMMG4mQQ=="
      },
      "NewStyleCop.Analyzers": {
        "type": "Direct",
        "requested": "[1.2.1, )",
        "resolved": "1.2.1",
        "contentHash": "20cG97DtMBpl6bPZ8Ito8JBidTusgP71x3SUcEMSQ08XIdX1ArVixtY2UK7aUi/GN3qCP2Ryp0U9AbtrYqBCzQ=="
      },
      "Microsoft.Extensions.AI.Abstractions": {
        "type": "Transitive",
        "resolved": "10.5.1",
        "contentHash": "nB0l3IlsVbNeUxsE7nZNb9GY8rP1OSeqpj0pseORPejt474HNKEauTWTLdSJPkSvPlRMxowZNMo6nyp7APAiSg==",
        "dependencies": {
          "System.Text.Json": "10.0.6"
        }
      },
      "Microsoft.Extensions.Primitives": {
        "type": "Transitive",
        "resolved": "10.0.12",
        "contentHash": "dYfCLR52UA+3DL7C4I/pvSaRPkNqxrUAQmbFL2u0zvYKKzqgrFCJl08Df+F1aYc8leu9JvpC9bsURUdpExcBXQ=="
      },
      "System.Diagnostics.DiagnosticSource": {
        "type": "Transitive",
        "resolved": "10.0.12",
        "contentHash": "CRZTWYO0rzEcJN/6SuN1kMvQOJT7vyHZ64CCkQs0RRWTj7kH2KMkaMalbsbSI/eg5dS5JAQfQFFuuWgn+XRMsQ=="
      },
      "System.IO.Pipelines": {
        "type": "Transitive",
        "resolved": "10.0.6",
        "contentHash": "98dV8iAMdOzlB7iZ8OOJ3Wj/LNMV+x2c0DCM4EyFEz/kEVmB1+49HwnocY703amF2BguoZZXk4t3lPSfbcHOgA=="
      },
      "System.Net.ServerSentEvents": {
        "type": "Transitive",
        "resolved": "10.0.1",
        "contentHash": "JFvLk6SHowCHY2fsCIyF/Adp1eM9JY3kF3Vf/t1FrN7mDe6f5/MEvKybRtvayq/JmymZbPxAEKeLvEbiRIYnew=="
      },
      "System.Text.Encodings.Web": {
        "type": "Transitive",
        "resolved": "10.0.6",
        "contentHash": "o7zWD39jHesxpHyMSWAf+CjM+NaEIV49IJ8tasAsnaVkRcLP33+5aobgxeKLJRLQQfeciO7BbW5vXCUMzPoU6w=="
      },
      "System.Text.Json": {
        "type": "Transitive",
        "resolved": "10.0.6",
        "contentHash": "eU/JSsGWpQPE+rkBJjFjsmtaPsu1kCLqFYeW3NS715+z/dP2/BsCl6R7BFGcjhg+rm5WHblllC3p7QS+sS3HtA==",
        "dependencies": {
          "System.IO.Pipelines": "10.0.6",
          "System.Text.Encodings.Web": "10.0.6"
        }
      },
      "Microsoft.Extensions.Options": {
        "type": "CentralTransitive",
        "requested": "[10.0.12, )",
        "resolved": "10.0.12",
        "contentHash": "TDYD33TSRpXKZWlmTXNlj5kCihxatmv2Ec1u6C+bMYLphCS7PoSLE9Pjd/nunDoE7yETk+LLKjVJX78HYtWjpA==",
        "dependencies": {
          "Microsoft.Extensions.DependencyInjection.Abstractions": "10.0.12",
          "Microsoft.Extensions.Primitives": "10.0.12"
        }
      }
    }
  }
}